{
  "name": "typescript-library-skeleton",
  "version": "0.1.123",
  "lockfileVersion": 3,
  "requires": true,
  "packages": {
    "": {
      "name": "typescript-library-skeleton",
      "version": "0.1.123",
      "hasInstallScript": true,
      "license": "SEE LICENSE IN license.md",
      "dependencies": {
        "tone": "^15.0.4",
        "wav-encoder": "^1.3.0"
      },
      "bin": {
        "example": "cli/example.sh",
        "example.js": "cli/example.js"
      },
      "devDependencies": {
        "@types/node": "^20.11.25"
      }
    },
    "node_modules/@babel/runtime": {
      "version": "7.26.0",
      "resolved": "https://registry.npmjs.org/@babel/runtime/-/runtime-7.26.0.tgz",
      "integrity": "sha512-FDSOghenHTiToteC/QRlv2q3DhPZ/oOXTBoirfWNx1Cx3TMVcGWQtMMmQcSvb/JjpNeGzx8Pq/b4fKEJuWm1sw==",
      "license": "MIT",
      "dependencies": {
        "regenerator-runtime": "^0.14.0"
      },
      "engines": {
        "node": ">=6.9.0"
      }
    },
    "node_modules/@types/node": {
      "version": "20.11.25",
      "resolved": "https://registry.npmjs.org/@types/node/-/node-20.11.25.tgz",
      "integrity": "sha512-TBHyJxk2b7HceLVGFcpAUjsa5zIdsPWlR6XHfyGzd0SFu+/NFgQgMAl96MSDZgQDvJAvV6BKsFOrt6zIL09JDw==",
      "dev": true,
      "dependencies": {
        "undici-types": "~5.26.4"
      }
    },
    "node_modules/automation-events": {
      "version": "7.1.4",
      "resolved": "https://registry.npmjs.org/automation-events/-/automation-events-7.1.4.tgz",
      "integrity": "sha512-KCkUSGBKlZz2DTnjzHLnPzlTayExlkeIrzIgq5OqZgwvZsmgSsyQOXv/L+r8P14yR69xfSnwL2FmmzSCzI9o/g==",
      "license": "MIT",
      "dependencies": {
        "@babel/runtime": "^7.26.0",
        "tslib": "^2.8.1"
      },
      "engines": {
        "node": ">=18.2.0"
      }
    },
    "node_modules/regenerator-runtime": {
      "version": "0.14.1",
      "resolved": "https://registry.npmjs.org/regenerator-runtime/-/regenerator-runtime-0.14.1.tgz",
      "integrity": "sha512-dYnhHh0nJoMfnkZs6GmmhFknAGRrLznOu5nc9ML+EJxGvrx6H7teuevqVqCuPcPK//3eDrrjQhehXVx9cnkGdw==",
      "license": "MIT"
    },
    "node_modules/standardized-audio-context": {
      "version": "25.3.77",
      "resolved": "https://registry.npmjs.org/standardized-audio-context/-/standardized-audio-context-25.3.77.tgz",
      "integrity": "sha512-Ki9zNz6pKcC5Pi+QPjPyVsD9GwJIJWgryji0XL9cAJXMGyn+dPOf6Qik1AHei0+UNVcc4BOCa0hWLBzlwqsW/A==",
      "license": "MIT",
      "dependencies": {
        "@babel/runtime": "^7.25.6",
        "automation-events": "^7.0.9",
        "tslib": "^2.7.0"
      }
    },
    "node_modules/tone": {
      "version": "15.0.4",
      "resolved": "https://registry.npmjs.org/tone/-/tone-15.0.4.tgz",
      "integrity": "sha512-Fr2xATgdkNhzwMZhrU0DXpkXQyambq73hjHRrBiC0Wkc6aPYRdmkySE9kRFAW878zgMiD+Lqvn/uNHt/7hbdnQ==",
      "license": "MIT",
      "dependencies": {
        "standardized-audio-context": "^25.3.70",
        "tslib": "^2.3.1"
      }
    },
    "node_modules/tslib": {
      "version": "2.8.1",
      "resolved": "https://registry.npmjs.org/tslib/-/tslib-2.8.1.tgz",
      "integrity": "sha512-oJFu94HQb+KVduSUQL7wnpmqnfmLsOA/nAh6b6EH0wCEoK0/mPeXU6c3wKDV83MkOuHPRHtSXKKU99IBazS/2w==",
      "license": "0BSD"
    },
    "node_modules/undici-types": {
      "version": "5.26.5",
      "resolved": "https://registry.npmjs.org/undici-types/-/undici-types-5.26.5.tgz",
      "integrity": "sha512-JlCMO+ehdEIKqlFxk6IfVoAUVmgz7cU7zD/h9XZ0qzeosSHmUJVOzSQvvYSYWXkFXC+IfLKSIffhv0sVZup6pA==",
      "dev": true
    },
    "node_modules/wav-encoder": {
      "version": "1.3.0",
      "resolved": "https://registry.npmjs.org/wav-encoder/-/wav-encoder-1.3.0.tgz",
      "integrity": "sha512-FXJdEu2qDOI+wbVYZpu21CS1vPEg5NaxNskBr4SaULpOJMrLE6xkH8dECa7PiS+ZoeyvP7GllWUAxPN3AvFSEw==",
      "license": "MIT"
    }
  }
}
